// !$*UTF8*$!
{
	archiveVersion = 1;
	classes = {
	};
	objectVersion = 50;
	objects = {

/* Begin PBXBuildFile section */
		4353B23521C29B0B001C9CFA /* UIImageView+Utils.swift in Sources */ = {isa = PBXBuildFile; fileRef = 4353B23421C29B0B001C9CFA /* UIImageView+Utils.swift */; };
		4353B23721C29B25001C9CFA /* UIImage+Drawing.swift in Sources */ = {isa = PBXBuildFile; fileRef = 4353B23621C29B25001C9CFA /* UIImage+Drawing.swift */; };
		435A185D21C0F3C30070B422 /* BaseViewController.swift in Sources */ = {isa = PBXBuildFile; fileRef = 435A185C21C0F3C30070B422 /* BaseViewController.swift */; };
		435A186121C0F4820070B422 /* CaptureSessionManager.swift in Sources */ = {isa = PBXBuildFile; fileRef = 435A186021C0F4820070B422 /* CaptureSessionManager.swift */; };
		435A186421C10A7D0070B422 /* RectangleDetector.swift in Sources */ = {isa = PBXBuildFile; fileRef = 435A186321C10A7D0070B422 /* RectangleDetector.swift */; };
		435A186721C116A20070B422 /* TestViewController.swift in Sources */ = {isa = PBXBuildFile; fileRef = 435A186621C116A20070B422 /* TestViewController.swift */; };
		435A186A21C141D60070B422 /* Quadrilateral.swift in Sources */ = {isa = PBXBuildFile; fileRef = 435A186921C141D60070B422 /* Quadrilateral.swift */; };
		435A186D21C14CA50070B422 /* CGPoint+Utils.swift in Sources */ = {isa = PBXBuildFile; fileRef = 435A186C21C14CA50070B422 /* CGPoint+Utils.swift */; };
		435A186F21C14E160070B422 /* Array+Utils.swift in Sources */ = {isa = PBXBuildFile; fileRef = 435A186E21C14E160070B422 /* Array+Utils.swift */; };
		43F894A421BEBD8200E762BC /* AppDelegate.swift in Sources */ = {isa = PBXBuildFile; fileRef = 43F894A321BEBD8200E762BC /* AppDelegate.swift */; };
		43F894A621BEBD8200E762BC /* CameraViewController.swift in Sources */ = {isa = PBXBuildFile; fileRef = 43F894A521BEBD8200E762BC /* CameraViewController.swift */; };
		43F894A921BEBD8200E762BC /* Main.storyboard in Resources */ = {isa = PBXBuildFile; fileRef = 43F894A721BEBD8200E762BC /* Main.storyboard */; };
		43F894AB21BEBD8400E762BC /* Assets.xcassets in Resources */ = {isa = PBXBuildFile; fileRef = 43F894AA21BEBD8400E762BC /* Assets.xcassets */; };
		43F894AE21BEBD8400E762BC /* LaunchScreen.storyboard in Resources */ = {isa = PBXBuildFile; fileRef = 43F894AC21BEBD8400E762BC /* LaunchScreen.storyboard */; };
		43F894B621BEC73E00E762BC /* PreviewView.swift in Sources */ = {isa = PBXBuildFile; fileRef = 43F894B521BEC73E00E762BC /* PreviewView.swift */; };
		43FF14A521C2AAD600B55DBB /* QuadrilateralView.swift in Sources */ = {isa = PBXBuildFile; fileRef = 43FF14A421C2AAD600B55DBB /* QuadrilateralView.swift */; };
		8A1DDB4C21C7DEB700084E17 /* ShutterButton.swift in Sources */ = {isa = PBXBuildFile; fileRef = 8A1DDB4B21C7DEB700084E17 /* ShutterButton.swift */; };
		8A1DDB5221C7FD8B00084E17 /* CGRect+Scaling.swift in Sources */ = {isa = PBXBuildFile; fileRef = 8A1DDB5121C7FD8B00084E17 /* CGRect+Scaling.swift */; };
		8A1DDB5721C8019100084E17 /* AVCaptureVideoOrientation+DeviceOrientation.swift in Sources */ = {isa = PBXBuildFile; fileRef = 8A1DDB5621C8019100084E17 /* AVCaptureVideoOrientation+DeviceOrientation.swift */; };
		8A1DDB5921C8059D00084E17 /* PhotoViewController.swift in Sources */ = {isa = PBXBuildFile; fileRef = 8A1DDB5821C8059D00084E17 /* PhotoViewController.swift */; };
		8A90717621C948C60070D40F /* UIImage+Orientation.swift in Sources */ = {isa = PBXBuildFile; fileRef = 8A90717521C948C60070D40F /* UIImage+Orientation.swift */; };
		8AF07F7421C7CDAE0027A2FD /* UIView+CovertingCoordinates.swift in Sources */ = {isa = PBXBuildFile; fileRef = 8AF07F7321C7CDAE0027A2FD /* UIView+CovertingCoordinates.swift */; };
/* End PBXBuildFile section */

/* Begin PBXFileReference section */
		4353B23421C29B0B001C9CFA /* UIImageView+Utils.swift */ = {isa = PBXFileReference; lastKnownFileType = sourcecode.swift; path = "UIImageView+Utils.swift"; sourceTree = "<group>"; };
		4353B23621C29B25001C9CFA /* UIImage+Drawing.swift */ = {isa = PBXFileReference; lastKnownFileType = sourcecode.swift; path = "UIImage+Drawing.swift"; sourceTree = "<group>"; };
		435A185C21C0F3C30070B422 /* BaseViewController.swift */ = {isa = PBXFileReference; lastKnownFileType = sourcecode.swift; path = BaseViewController.swift; sourceTree = "<group>"; };
		435A186021C0F4820070B422 /* CaptureSessionManager.swift */ = {isa = PBXFileReference; lastKnownFileType = sourcecode.swift; path = CaptureSessionManager.swift; sourceTree = "<group>"; };
		435A186321C10A7D0070B422 /* RectangleDetector.swift */ = {isa = PBXFileReference; lastKnownFileType = sourcecode.swift; path = RectangleDetector.swift; sourceTree = "<group>"; };
		435A186621C116A20070B422 /* TestViewController.swift */ = {isa = PBXFileReference; lastKnownFileType = sourcecode.swift; path = TestViewController.swift; sourceTree = "<group>"; };
		435A186921C141D60070B422 /* Quadrilateral.swift */ = {isa = PBXFileReference; lastKnownFileType = sourcecode.swift; path = Quadrilateral.swift; sourceTree = "<group>"; };
		435A186C21C14CA50070B422 /* CGPoint+Utils.swift */ = {isa = PBXFileReference; lastKnownFileType = sourcecode.swift; path = "CGPoint+Utils.swift"; sourceTree = "<group>"; };
		435A186E21C14E160070B422 /* Array+Utils.swift */ = {isa = PBXFileReference; lastKnownFileType = sourcecode.swift; path = "Array+Utils.swift"; sourceTree = "<group>"; };
		43F894A021BEBD8200E762BC /* DCamera.app */ = {isa = PBXFileReference; explicitFileType = wrapper.application; includeInIndex = 0; path = DCamera.app; sourceTree = BUILT_PRODUCTS_DIR; };
		43F894A321BEBD8200E762BC /* AppDelegate.swift */ = {isa = PBXFileReference; lastKnownFileType = sourcecode.swift; path = AppDelegate.swift; sourceTree = "<group>"; };
		43F894A521BEBD8200E762BC /* CameraViewController.swift */ = {isa = PBXFileReference; lastKnownFileType = sourcecode.swift; path = CameraViewController.swift; sourceTree = "<group>"; };
		43F894A821BEBD8200E762BC /* Base */ = {isa = PBXFileReference; lastKnownFileType = file.storyboard; name = Base; path = Base.lproj/Main.storyboard; sourceTree = "<group>"; };
		43F894AA21BEBD8400E762BC /* Assets.xcassets */ = {isa = PBXFileReference; lastKnownFileType = folder.assetcatalog; path = Assets.xcassets; sourceTree = "<group>"; };
		43F894AD21BEBD8400E762BC /* Base */ = {isa = PBXFileReference; lastKnownFileType = file.storyboard; name = Base; path = Base.lproj/LaunchScreen.storyboard; sourceTree = "<group>"; };
		43F894AF21BEBD8400E762BC /* Info.plist */ = {isa = PBXFileReference; lastKnownFileType = text.plist.xml; path = Info.plist; sourceTree = "<group>"; };
		43F894B521BEC73E00E762BC /* PreviewView.swift */ = {isa = PBXFileReference; lastKnownFileType = sourcecode.swift; path = PreviewView.swift; sourceTree = "<group>"; };
		43FF14A421C2AAD600B55DBB /* QuadrilateralView.swift */ = {isa = PBXFileReference; lastKnownFileType = sourcecode.swift; path = QuadrilateralView.swift; sourceTree = "<group>"; };
		8A1DDB4B21C7DEB700084E17 /* ShutterButton.swift */ = {isa = PBXFileReference; lastKnownFileType = sourcecode.swift; path = ShutterButton.swift; sourceTree = "<group>"; };
		8A1DDB5121C7FD8B00084E17 /* CGRect+Scaling.swift */ = {isa = PBXFileReference; lastKnownFileType = sourcecode.swift; path = "CGRect+Scaling.swift"; sourceTree = "<group>"; };
		8A1DDB5621C8019100084E17 /* AVCaptureVideoOrientation+DeviceOrientation.swift */ = {isa = PBXFileReference; lastKnownFileType = sourcecode.swift; path = "AVCaptureVideoOrientation+DeviceOrientation.swift"; sourceTree = "<group>"; };
		8A1DDB5821C8059D00084E17 /* PhotoViewController.swift */ = {isa = PBXFileReference; lastKnownFileType = sourcecode.swift; path = PhotoViewController.swift; sourceTree = "<group>"; };
		8A90717521C948C60070D40F /* UIImage+Orientation.swift */ = {isa = PBXFileReference; lastKnownFileType = sourcecode.swift; path = "UIImage+Orientation.swift"; sourceTree = "<group>"; };
		8AF07F7321C7CDAE0027A2FD /* UIView+CovertingCoordinates.swift */ = {isa = PBXFileReference; lastKnownFileType = sourcecode.swift; path = "UIView+CovertingCoordinates.swift"; sourceTree = "<group>"; };
/* End PBXFileReference section */

/* Begin PBXFrameworksBuildPhase section */
		43F8949D21BEBD8200E762BC /* Frameworks */ = {
			isa = PBXFrameworksBuildPhase;
			buildActionMask = 2147483647;
			files = (
			);
			runOnlyForDeploymentPostprocessing = 0;
		};
/* End PBXFrameworksBuildPhase section */

/* Begin PBXGroup section */
		435A185F21C0F4420070B422 /* Helpers */ = {
			isa = PBXGroup;
			children = (
				435A186021C0F4820070B422 /* CaptureSessionManager.swift */,
				435A186321C10A7D0070B422 /* RectangleDetector.swift */,
			);
			path = Helpers;
			sourceTree = "<group>";
		};
		435A186B21C14C8C0070B422 /* Extensions */ = {
			isa = PBXGroup;
			children = (
				8AF07F7321C7CDAE0027A2FD /* UIView+CovertingCoordinates.swift */,
				435A186C21C14CA50070B422 /* CGPoint+Utils.swift */,
				435A186E21C14E160070B422 /* Array+Utils.swift */,
				4353B23421C29B0B001C9CFA /* UIImageView+Utils.swift */,
				4353B23621C29B25001C9CFA /* UIImage+Drawing.swift */,
				8A1DDB5121C7FD8B00084E17 /* CGRect+Scaling.swift */,
				8A1DDB5621C8019100084E17 /* AVCaptureVideoOrientation+DeviceOrientation.swift */,
				8A90717521C948C60070D40F /* UIImage+Orientation.swift */,
			);
			path = Extensions;
			sourceTree = "<group>";
		};
		435BAFCB21BFBFDC00435A07 /* Controller */ = {
			isa = PBXGroup;
			children = (
				43F894A521BEBD8200E762BC /* CameraViewController.swift */,
				435A185C21C0F3C30070B422 /* BaseViewController.swift */,
				435A186621C116A20070B422 /* TestViewController.swift */,
				8A1DDB5821C8059D00084E17 /* PhotoViewController.swift */,
			);
			path = Controller;
			sourceTree = "<group>";
		};
		435BAFCC21BFBFE200435A07 /* View */ = {
			isa = PBXGroup;
			children = (
				43F894B521BEC73E00E762BC /* PreviewView.swift */,
				43FF14A421C2AAD600B55DBB /* QuadrilateralView.swift */,
				8A1DDB4B21C7DEB700084E17 /* ShutterButton.swift */,
			);
			path = View;
			sourceTree = "<group>";
		};
		435BAFCD21BFBFEC00435A07 /* Model */ = {
			isa = PBXGroup;
			children = (
				435A186921C141D60070B422 /* Quadrilateral.swift */,
			);
			path = Model;
			sourceTree = "<group>";
		};
		435BAFCE21BFBFF900435A07 /* Other */ = {
			isa = PBXGroup;
			children = (
				43F894A321BEBD8200E762BC /* AppDelegate.swift */,
				43F894AA21BEBD8400E762BC /* Assets.xcassets */,
			);
			path = Other;
			sourceTree = "<group>";
		};
		435BAFCF21BFC00700435A07 /* Storyboards */ = {
			isa = PBXGroup;
			children = (
				43F894A721BEBD8200E762BC /* Main.storyboard */,
				43F894AC21BEBD8400E762BC /* LaunchScreen.storyboard */,
			);
			path = Storyboards;
			sourceTree = "<group>";
		};
		43F8949721BEBD8200E762BC = {
			isa = PBXGroup;
			children = (
				43F894A221BEBD8200E762BC /* DCamera */,
				43F894A121BEBD8200E762BC /* Products */,
			);
			sourceTree = "<group>";
		};
		43F894A121BEBD8200E762BC /* Products */ = {
			isa = PBXGroup;
			children = (
				43F894A021BEBD8200E762BC /* DCamera.app */,
			);
			name = Products;
			sourceTree = "<group>";
		};
		43F894A221BEBD8200E762BC /* DCamera */ = {
			isa = PBXGroup;
			children = (
				435BAFCD21BFBFEC00435A07 /* Model */,
				435BAFCC21BFBFE200435A07 /* View */,
				435BAFCB21BFBFDC00435A07 /* Controller */,
				435BAFCF21BFC00700435A07 /* Storyboards */,
				435A186B21C14C8C0070B422 /* Extensions */,
				435A185F21C0F4420070B422 /* Helpers */,
				8AF07F7721C7DB900027A2FD /* Constants */,
				435BAFCE21BFBFF900435A07 /* Other */,
				43F894AF21BEBD8400E762BC /* Info.plist */,
			);
			path = DCamera;
			sourceTree = "<group>";
		};
		8AF07F7721C7DB900027A2FD /* Constants */ = {
			isa = PBXGroup;
			children = (
			);
			path = Constants;
			sourceTree = "<group>";
		};
/* End PBXGroup section */

/* Begin PBXNativeTarget section */
		43F8949F21BEBD8200E762BC /* DCamera */ = {
			isa = PBXNativeTarget;
			buildConfigurationList = 43F894B221BEBD8400E762BC /* Build configuration list for PBXNativeTarget "DCamera" */;
			buildPhases = (
				43F8949C21BEBD8200E762BC /* Sources */,
				43F8949D21BEBD8200E762BC /* Frameworks */,
				43F8949E21BEBD8200E762BC /* Resources */,
			);
			buildRules = (
			);
			dependencies = (
			);
			name = DCamera;
			productName = DCamera;
			productReference = 43F894A021BEBD8200E762BC /* DCamera.app */;
			productType = "com.apple.product-type.application";
		};
/* End PBXNativeTarget section */

/* Begin PBXProject section */
		43F8949821BEBD8200E762BC /* Project object */ = {
			isa = PBXProject;
			attributes = {
				LastSwiftUpdateCheck = 1010;
				LastUpgradeCheck = 1010;
				ORGANIZATIONNAME = iMac_3;
				TargetAttributes = {
					43F8949F21BEBD8200E762BC = {
						CreatedOnToolsVersion = 10.1;
						LastSwiftMigration = 1010;
					};
				};
			};
			buildConfigurationList = 43F8949B21BEBD8200E762BC /* Build configuration list for PBXProject "DCamera" */;
			compatibilityVersion = "Xcode 9.3";
			developmentRegion = en;
			hasScannedForEncodings = 0;
			knownRegions = (
				en,
				Base,
			);
			mainGroup = 43F8949721BEBD8200E762BC;
			productRefGroup = 43F894A121BEBD8200E762BC /* Products */;
			projectDirPath = "";
			projectRoot = "";
			targets = (
				43F8949F21BEBD8200E762BC /* DCamera */,
			);
		};
/* End PBXProject section */

/* Begin PBXResourcesBuildPhase section */
		43F8949E21BEBD8200E762BC /* Resources */ = {
			isa = PBXResourcesBuildPhase;
			buildActionMask = 2147483647;
			files = (
				43F894AE21BEBD8400E762BC /* LaunchScreen.storyboard in Resources */,
				43F894AB21BEBD8400E762BC /* Assets.xcassets in Resources */,
				43F894A921BEBD8200E762BC /* Main.storyboard in Resources */,
			);
			runOnlyForDeploymentPostprocessing = 0;
		};
/* End PBXResourcesBuildPhase section */

/* Begin PBXSourcesBuildPhase section */
		43F8949C21BEBD8200E762BC /* Sources */ = {
			isa = PBXSourcesBuildPhase;
			buildActionMask = 2147483647;
			files = (
				43FF14A521C2AAD600B55DBB /* QuadrilateralView.swift in Sources */,
				435A186A21C141D60070B422 /* Quadrilateral.swift in Sources */,
				8AF07F7421C7CDAE0027A2FD /* UIView+CovertingCoordinates.swift in Sources */,
				8A1DDB5221C7FD8B00084E17 /* CGRect+Scaling.swift in Sources */,
				435A186F21C14E160070B422 /* Array+Utils.swift in Sources */,
				8A1DDB5921C8059D00084E17 /* PhotoViewController.swift in Sources */,
				4353B23521C29B0B001C9CFA /* UIImageView+Utils.swift in Sources */,
				435A186721C116A20070B422 /* TestViewController.swift in Sources */,
				8A1DDB4C21C7DEB700084E17 /* ShutterButton.swift in Sources */,
				4353B23721C29B25001C9CFA /* UIImage+Drawing.swift in Sources */,
				435A185D21C0F3C30070B422 /* BaseViewController.swift in Sources */,
				43F894A621BEBD8200E762BC /* CameraViewController.swift in Sources */,
				43F894A421BEBD8200E762BC /* AppDelegate.swift in Sources */,
				435A186D21C14CA50070B422 /* CGPoint+Utils.swift in Sources */,
				435A186421C10A7D0070B422 /* RectangleDetector.swift in Sources */,
				43F894B621BEC73E00E762BC /* PreviewView.swift in Sources */,
				435A186121C0F4820070B422 /* CaptureSessionManager.swift in Sources */,
				8A1DDB5721C8019100084E17 /* AVCaptureVideoOrientation+DeviceOrientation.swift in Sources */,
				8A90717621C948C60070D40F /* UIImage+Orientation.swift in Sources */,
			);
			runOnlyForDeploymentPostprocessing = 0;
		};
/* End PBXSourcesBuildPhase section */

/* Begin PBXVariantGroup section */
		43F894A721BEBD8200E762BC /* Main.storyboard */ = {
			isa = PBXVariantGroup;
			children = (
				43F894A821BEBD8200E762BC /* Base */,
			);
			name = Main.storyboard;
			sourceTree = "<group>";
		};
		43F894AC21BEBD8400E762BC /* LaunchScreen.storyboard */ = {
			isa = PBXVariantGroup;
			children = (
				43F894AD21BEBD8400E762BC /* Base */,
			);
			name = LaunchScreen.storyboard;
			sourceTree = "<group>";
		};
/* End PBXVariantGroup section */

/* Begin XCBuildConfiguration section */
		43F894B021BEBD8400E762BC /* Debug */ = {
			isa = XCBuildConfiguration;
			buildSettings = {
				ALWAYS_SEARCH_USER_PATHS = NO;
				CLANG_ANALYZER_NONNULL = YES;
				CLANG_ANALYZER_NUMBER_OBJECT_CONVERSION = YES_AGGRESSIVE;
				CLANG_CXX_LANGUAGE_STANDARD = "gnu++14";
				CLANG_CXX_LIBRARY = "libc++";
				CLANG_ENABLE_MODULES = YES;
				CLANG_ENABLE_OBJC_ARC = YES;
				CLANG_ENABLE_OBJC_WEAK = YES;
				CLANG_WARN_BLOCK_CAPTURE_AUTORELEASING = YES;
				CLANG_WARN_BOOL_CONVERSION = YES;
				CLANG_WARN_COMMA = YES;
				CLANG_WARN_CONSTANT_CONVERSION = YES;
				CLANG_WARN_DEPRECATED_OBJC_IMPLEMENTATIONS = YES;
				CLANG_WARN_DIRECT_OBJC_ISA_USAGE = YES_ERROR;
				CLANG_WARN_DOCUMENTATION_COMMENTS = YES;
				CLANG_WARN_EMPTY_BODY = YES;
				CLANG_WARN_ENUM_CONVERSION = YES;
				CLANG_WARN_INFINITE_RECURSION = YES;
				CLANG_WARN_INT_CONVERSION = YES;
				CLANG_WARN_NON_LITERAL_NULL_CONVERSION = YES;
				CLANG_WARN_OBJC_IMPLICIT_RETAIN_SELF = YES;
				CLANG_WARN_OBJC_LITERAL_CONVERSION = YES;
				CLANG_WARN_OBJC_ROOT_CLASS = YES_ERROR;
				CLANG_WARN_RANGE_LOOP_ANALYSIS = YES;
				CLANG_WARN_STRICT_PROTOTYPES = YES;
				CLANG_WARN_SUSPICIOUS_MOVE = YES;
				CLANG_WARN_UNGUARDED_AVAILABILITY = YES_AGGRESSIVE;
				CLANG_WARN_UNREACHABLE_CODE = YES;
				CLANG_WARN__DUPLICATE_METHOD_MATCH = YES;
				CODE_SIGN_IDENTITY = "iPhone Developer";
				COPY_PHASE_STRIP = NO;
				DEBUG_INFORMATION_FORMAT = dwarf;
				ENABLE_STRICT_OBJC_MSGSEND = YES;
				ENABLE_TESTABILITY = YES;
				GCC_C_LANGUAGE_STANDARD = gnu11;
				GCC_DYNAMIC_NO_PIC = NO;
				GCC_NO_COMMON_BLOCKS = YES;
				GCC_OPTIMIZATION_LEVEL = 0;
				GCC_PREPROCESSOR_DEFINITIONS = (
					"DEBUG=1",
					"$(inherited)",
				);
				GCC_WARN_64_TO_32_BIT_CONVERSION = YES;
				GCC_WARN_ABOUT_RETURN_TYPE = YES_ERROR;
				GCC_WARN_UNDECLARED_SELECTOR = YES;
				GCC_WARN_UNINITIALIZED_AUTOS = YES_AGGRESSIVE;
				GCC_WARN_UNUSED_FUNCTION = YES;
				GCC_WARN_UNUSED_VARIABLE = YES;
				IPHONEOS_DEPLOYMENT_TARGET = 12.1;
				MTL_ENABLE_DEBUG_INFO = INCLUDE_SOURCE;
				MTL_FAST_MATH = YES;
				ONLY_ACTIVE_ARCH = YES;
				SDKROOT = iphoneos;
				SWIFT_ACTIVE_COMPILATION_CONDITIONS = DEBUG;
				SWIFT_OPTIMIZATION_LEVEL = "-Onone";
			};
			name = Debug;
		};
		43F894B121BEBD8400E762BC /* Release */ = {
			isa = XCBuildConfiguration;
			buildSettings = {
				ALWAYS_SEARCH_USER_PATHS = NO;
				CLANG_ANALYZER_NONNULL = YES;
				CLANG_ANALYZER_NUMBER_OBJECT_CONVERSION = YES_AGGRESSIVE;
				CLANG_CXX_LANGUAGE_STANDARD = "gnu++14";
				CLANG_CXX_LIBRARY = "libc++";
				CLANG_ENABLE_MODULES = YES;
				CLANG_ENABLE_OBJC_ARC = YES;
				CLANG_ENABLE_OBJC_WEAK = YES;
				CLANG_WARN_BLOCK_CAPTURE_AUTORELEASING = YES;
				CLANG_WARN_BOOL_CONVERSION = YES;
				CLANG_WARN_COMMA = YES;
				CLANG_WARN_CONSTANT_CONVERSION = YES;
				CLANG_WARN_DEPRECATED_OBJC_IMPLEMENTATIONS = YES;
				CLANG_WARN_DIRECT_OBJC_ISA_USAGE = YES_ERROR;
				CLANG_WARN_DOCUMENTATION_COMMENTS = YES;
				CLANG_WARN_EMPTY_BODY = YES;
				CLANG_WARN_ENUM_CONVERSION = YES;
				CLANG_WARN_INFINITE_RECURSION = YES;
				CLANG_WARN_INT_CONVERSION = YES;
				CLANG_WARN_NON_LITERAL_NULL_CONVERSION = YES;
				CLANG_WARN_OBJC_IMPLICIT_RETAIN_SELF = YES;
				CLANG_WARN_OBJC_LITERAL_CONVERSION = YES;
				CLANG_WARN_OBJC_ROOT_CLASS = YES_ERROR;
				CLANG_WARN_RANGE_LOOP_ANALYSIS = YES;
				CLANG_WARN_STRICT_PROTOTYPES = YES;
				CLANG_WARN_SUSPICIOUS_MOVE = YES;
				CLANG_WARN_UNGUARDED_AVAILABILITY = YES_AGGRESSIVE;
				CLANG_WARN_UNREACHABLE_CODE = YES;
				CLANG_WARN__DUPLICATE_METHOD_MATCH = YES;
				CODE_SIGN_IDENTITY = "iPhone Developer";
				COPY_PHASE_STRIP = NO;
				DEBUG_INFORMATION_FORMAT = "dwarf-with-dsym";
				ENABLE_NS_ASSERTIONS = NO;
				ENABLE_STRICT_OBJC_MSGSEND = YES;
				GCC_C_LANGUAGE_STANDARD = gnu11;
				GCC_NO_COMMON_BLOCKS = YES;
				GCC_WARN_64_TO_32_BIT_CONVERSION = YES;
				GCC_WARN_ABOUT_RETURN_TYPE = YES_ERROR;
				GCC_WARN_UNDECLARED_SELECTOR = YES;
				GCC_WARN_UNINITIALIZED_AUTOS = YES_AGGRESSIVE;
				GCC_WARN_UNUSED_FUNCTION = YES;
				GCC_WARN_UNUSED_VARIABLE = YES;
				IPHONEOS_DEPLOYMENT_TARGET = 12.1;
				MTL_ENABLE_DEBUG_INFO = NO;
				MTL_FAST_MATH = YES;
				SDKROOT = iphoneos;
				SWIFT_COMPILATION_MODE = wholemodule;
				SWIFT_OPTIMIZATION_LEVEL = "-O";
				VALIDATE_PRODUCT = YES;
			};
			name = Release;
		};
		43F894B321BEBD8400E762BC /* Debug */ = {
			isa = XCBuildConfiguration;
			buildSettings = {
				ASSETCATALOG_COMPILER_APPICON_NAME = AppIcon;
				CLANG_ENABLE_MODULES = YES;
				CODE_SIGN_STYLE = Automatic;
				DEVELOPMENT_TEAM = E45L98V5WR;
				FRAMEWORK_SEARCH_PATHS = (
					"$(inherited)",
					"$(PROJECT_DIR)/DCamera",
				);
				INFOPLIST_FILE = DCamera/Info.plist;
				LD_RUNPATH_SEARCH_PATHS = (
					"$(inherited)",
					"@executable_path/Frameworks",
				);
				PRODUCT_BUNDLE_IDENTIFIER = D.DCamera;
				PRODUCT_NAME = "$(TARGET_NAME)";
				SWIFT_OBJC_BRIDGING_HEADER = "";
				SWIFT_OPTIMIZATION_LEVEL = "-Onone";
				SWIFT_VERSION = 4.2;
				TARGETED_DEVICE_FAMILY = "1,2";
			};
			name = Debug;
		};
		43F894B421BEBD8400E762BC /* Release */ = {
			isa = XCBuildConfiguration;
			buildSettings = {
				ASSETCATALOG_COMPILER_APPICON_NAME = AppIcon;
				CLANG_ENABLE_MODULES = YES;
				CODE_SIGN_STYLE = Automatic;
				DEVELOPMENT_TEAM = E45L98V5WR;
				FRAMEWORK_SEARCH_PATHS = (
					"$(inherited)",
					"$(PROJECT_DIR)/DCamera",
				);
				INFOPLIST_FILE = DCamera/Info.plist;
				LD_RUNPATH_SEARCH_PATHS = (
					"$(inherited)",
					"@executable_path/Frameworks",
				);
				PRODUCT_BUNDLE_IDENTIFIER = D.DCamera;
				PRODUCT_NAME = "$(TARGET_NAME)";
				SWIFT_OBJC_BRIDGING_HEADER = "";
				SWIFT_VERSION = 4.2;
				TARGETED_DEVICE_FAMILY = "1,2";
			};
			name = Release;
		};
/* End XCBuildConfiguration section */

/* Begin XCConfigurationList section */
		43F8949B21BEBD8200E762BC /* Build configuration list for PBXProject "DCamera" */ = {
			isa = XCConfigurationList;
			buildConfigurations = (
				43F894B021BEBD8400E762BC /* Debug */,
				43F894B121BEBD8400E762BC /* Release */,
			);
			defaultConfigurationIsVisible = 0;
			defaultConfigurationName = Release;
		};
		43F894B221BEBD8400E762BC /* Build configuration list for PBXNativeTarget "DCamera" */ = {
			isa = XCConfigurationList;
			buildConfigurations = (
				43F894B321BEBD8400E762BC /* Debug */,
				43F894B421BEBD8400E762BC /* Release */,
			);
			defaultConfigurationIsVisible = 0;
			defaultConfigurationName = Release;
		};
/* End XCConfigurationList section */
	};
	rootObject = 43F8949821BEBD8200E762BC /* Project object */;
}
